// !$*UTF8*$!
{
	archiveVersion = 1;
	classes = {
	};
	objectVersion = 46;
	objects = {

/* Begin PBXBuildFile section */
		1F05D22D1CC47987000F404A /* main.m in Sources */ = {isa = PBXBuildFile; fileRef = 1F05D22C1CC47987000F404A /* main.m */; };
		1F05D2301CC47987000F404A /* AppDelegate.m in Sources */ = {isa = PBXBuildFile; fileRef = 1F05D22F1CC47987000F404A /* AppDelegate.m */; };
		1F05D2331CC47987000F404A /* ViewController.m in Sources */ = {isa = PBXBuildFile; fileRef = 1F05D2321CC47987000F404A /* ViewController.m */; };
		1F05D2361CC47987000F404A /* Main.storyboard in Resources */ = {isa = PBXBuildFile; fileRef = 1F05D2341CC47987000F404A /* Main.storyboard */; };
		1F05D2381CC47987000F404A /* Assets.xcassets in Resources */ = {isa = PBXBuildFile; fileRef = 1F05D2371CC47987000F404A /* Assets.xcassets */; };
		1F05D23B1CC47987000F404A /* LaunchScreen.storyboard in Resources */ = {isa = PBXBuildFile; fileRef = 1F05D2391CC47987000F404A /* LaunchScreen.storyboard */; };
		1F05D2461CC47987000F404A /* myDemoAddUpTests.m in Sources */ = {isa = PBXBuildFile; fileRef = 1F05D2451CC47987000F404A /* myDemoAddUpTests.m */; };
		1F05D2511CC47987000F404A /* myDemoAddUpUITests.m in Sources */ = {isa = PBXBuildFile; fileRef = 1F05D2501CC47987000F404A /* myDemoAddUpUITests.m */; };
		1F05D2601CC47B13000F404A /* SQLViewController.m in Sources */ = {isa = PBXBuildFile; fileRef = 1F05D25F1CC47B13000F404A /* SQLViewController.m */; };
		1F05D2621CC48794000F404A /* libsqlite3.tbd in Frameworks */ = {isa = PBXBuildFile; fileRef = 1F05D2611CC48794000F404A /* libsqlite3.tbd */; };
		1F161A911CF6A9C6007BA3A0 /* TencentOpenAPI.framework in Frameworks */ = {isa = PBXBuildFile; fileRef = 1F161A8F1CF6A9C6007BA3A0 /* TencentOpenAPI.framework */; };
		1F161A921CF6A9C6007BA3A0 /* TencentOpenApi_IOS_Bundle.bundle in Resources */ = {isa = PBXBuildFile; fileRef = 1F161A901CF6A9C6007BA3A0 /* TencentOpenApi_IOS_Bundle.bundle */; };
		1F161A941CF6A9E7007BA3A0 /* Security.framework in Frameworks */ = {isa = PBXBuildFile; fileRef = 1F161A931CF6A9E6007BA3A0 /* Security.framework */; };
		1F161A961CF6A9F4007BA3A0 /* CoreGraphics.framework in Frameworks */ = {isa = PBXBuildFile; fileRef = 1F161A951CF6A9F4007BA3A0 /* CoreGraphics.framework */; };
		1F161A981CF6AA12007BA3A0 /* CoreTelephony.framework in Frameworks */ = {isa = PBXBuildFile; fileRef = 1F161A971CF6AA12007BA3A0 /* CoreTelephony.framework */; };
		1F161A9A1CF6AA29007BA3A0 /* libstdc++.6.0.9.tbd in Frameworks */ = {isa = PBXBuildFile; fileRef = 1F161A991CF6AA29007BA3A0 /* libstdc++.6.0.9.tbd */; };
		1F161A9C1CF6AA36007BA3A0 /* libz.tbd in Frameworks */ = {isa = PBXBuildFile; fileRef = 1F161A9B1CF6AA36007BA3A0 /* libz.tbd */; };
		1F1D01EF1CF6E53000DB2D2E /* QQLoginAndShare.m in Sources */ = {isa = PBXBuildFile; fileRef = 1F1D01EE1CF6E53000DB2D2E /* QQLoginAndShare.m */; };
		1F20F7D01CE17D4C00972012 /* NetWorkViewController.m in Sources */ = {isa = PBXBuildFile; fileRef = 1F20F7CF1CE17D4C00972012 /* NetWorkViewController.m */; };
		1F2C47E21CC736200044E622 /* CFNetworkViewController.m in Sources */ = {isa = PBXBuildFile; fileRef = 1F2C47E11CC736200044E622 /* CFNetworkViewController.m */; };
		1F33ABF11CDB37050031E07C /* CollectionVC.m in Sources */ = {isa = PBXBuildFile; fileRef = 1F33ABF01CDB37050031E07C /* CollectionVC.m */; };
		1F33ABF41CDB38570031E07C /* MYCollectionViewLayout.m in Sources */ = {isa = PBXBuildFile; fileRef = 1F33ABF31CDB38570031E07C /* MYCollectionViewLayout.m */; };
		1F5B21071CE57B8500C94765 /* SystemConfiguration.framework in Frameworks */ = {isa = PBXBuildFile; fileRef = 1F5B21061CE57B8500C94765 /* SystemConfiguration.framework */; };
		1F7EBD321CCF50550056003F /* JSCoreViewController.m in Sources */ = {isa = PBXBuildFile; fileRef = 1F7EBD311CCF50550056003F /* JSCoreViewController.m */; };
		1F7EBD341CCF50CB0056003F /* JavaScriptCore.framework in Frameworks */ = {isa = PBXBuildFile; fileRef = 1F7EBD331CCF50CB0056003F /* JavaScriptCore.framework */; };
		1FB79B291CD059FB00702263 /* AFViewController.m in Sources */ = {isa = PBXBuildFile; fileRef = 1FB79B281CD059FB00702263 /* AFViewController.m */; };
		1FD9E2641CD986C3007606ED /* WebJsViewController.m in Sources */ = {isa = PBXBuildFile; fileRef = 1FD9E2631CD986C3007606ED /* WebJsViewController.m */; };
		1FD9E2681CD98877007606ED /* JSWebView.m in Sources */ = {isa = PBXBuildFile; fileRef = 1FD9E2671CD98877007606ED /* JSWebView.m */; };
		1FD9E26A1CD98C98007606ED /* webjs.html in Resources */ = {isa = PBXBuildFile; fileRef = 1FD9E2691CD98C98007606ED /* webjs.html */; };
		1FEF3EB01CE9A25000EE8DCC /* NSString+HashWithType.m in Sources */ = {isa = PBXBuildFile; fileRef = 1FEF3EAF1CE9A25000EE8DCC /* NSString+HashWithType.m */; };
		1FEF3EBB1CE9B71B00EE8DCC /* NSData+Base64.m in Sources */ = {isa = PBXBuildFile; fileRef = 1FEF3EB41CE9B71B00EE8DCC /* NSData+Base64.m */; };
		1FEF3EBC1CE9B71B00EE8DCC /* NSData+Encryption.m in Sources */ = {isa = PBXBuildFile; fileRef = 1FEF3EB61CE9B71B00EE8DCC /* NSData+Encryption.m */; };
		1FEF3EBD1CE9B71B00EE8DCC /* NSString+Encryption.m in Sources */ = {isa = PBXBuildFile; fileRef = 1FEF3EB81CE9B71B00EE8DCC /* NSString+Encryption.m */; };
		1FEF3EBE1CE9B71B00EE8DCC /* NSString+Hashing.m in Sources */ = {isa = PBXBuildFile; fileRef = 1FEF3EBA1CE9B71B00EE8DCC /* NSString+Hashing.m */; };
/* End PBXBuildFile section */

/* Begin PBXContainerItemProxy section */
		1F05D2421CC47987000F404A /* PBXContainerItemProxy */ = {
			isa = PBXContainerItemProxy;
			containerPortal = 1F05D2201CC47987000F404A /* Project object */;
			proxyType = 1;
			remoteGlobalIDString = 1F05D2271CC47987000F404A;
			remoteInfo = myDemoAddUp;
		};
		1F05D24D1CC47987000F404A /* PBXContainerItemProxy */ = {
			isa = PBXContainerItemProxy;
			containerPortal = 1F05D2201CC47987000F404A /* Project object */;
			proxyType = 1;
			remoteGlobalIDString = 1F05D2271CC47987000F404A;
			remoteInfo = myDemoAddUp;
		};
/* End PBXContainerItemProxy section */

/* Begin PBXFileReference section */
		1F05D2281CC47987000F404A /* myDemoAddUp.app */ = {isa = PBXFileReference; explicitFileType = wrapper.application; includeInIndex = 0; path = myDemoAddUp.app; sourceTree = BUILT_PRODUCTS_DIR; };
		1F05D22C1CC47987000F404A /* main.m */ = {isa = PBXFileReference; lastKnownFileType = sourcecode.c.objc; path = main.m; sourceTree = "<group>"; };
		1F05D22E1CC47987000F404A /* AppDelegate.h */ = {isa = PBXFileReference; lastKnownFileType = sourcecode.c.h; path = AppDelegate.h; sourceTree = "<group>"; };
		1F05D22F1CC47987000F404A /* AppDelegate.m */ = {isa = PBXFileReference; lastKnownFileType = sourcecode.c.objc; path = AppDelegate.m; sourceTree = "<group>"; };
		1F05D2311CC47987000F404A /* ViewController.h */ = {isa = PBXFileReference; lastKnownFileType = sourcecode.c.h; path = ViewController.h; sourceTree = "<group>"; };
		1F05D2321CC47987000F404A /* ViewController.m */ = {isa = PBXFileReference; lastKnownFileType = sourcecode.c.objc; path = ViewController.m; sourceTree = "<group>"; };
		1F05D2351CC47987000F404A /* Base */ = {isa = PBXFileReference; lastKnownFileType = file.storyboard; name = Base; path = Base.lproj/Main.storyboard; sourceTree = "<group>"; };
		1F05D2371CC47987000F404A /* Assets.xcassets */ = {isa = PBXFileReference; lastKnownFileType = folder.assetcatalog; path = Assets.xcassets; sourceTree = "<group>"; };
		1F05D23A1CC47987000F404A /* Base */ = {isa = PBXFileReference; lastKnownFileType = file.storyboard; name = Base; path = Base.lproj/LaunchScreen.storyboard; sourceTree = "<group>"; };
		1F05D23C1CC47987000F404A /* Info.plist */ = {isa = PBXFileReference; lastKnownFileType = text.plist.xml; path = Info.plist; sourceTree = "<group>"; };
		1F05D2411CC47987000F404A /* myDemoAddUpTests.xctest */ = {isa = PBXFileReference; explicitFileType = wrapper.cfbundle; includeInIndex = 0; path = myDemoAddUpTests.xctest; sourceTree = BUILT_PRODUCTS_DIR; };
		1F05D2451CC47987000F404A /* myDemoAddUpTests.m */ = {isa = PBXFileReference; lastKnownFileType = sourcecode.c.objc; path = myDemoAddUpTests.m; sourceTree = "<group>"; };
		1F05D2471CC47987000F404A /* Info.plist */ = {isa = PBXFileReference; lastKnownFileType = text.plist.xml; path = Info.plist; sourceTree = "<group>"; };
		1F05D24C1CC47987000F404A /* myDemoAddUpUITests.xctest */ = {isa = PBXFileReference; explicitFileType = wrapper.cfbundle; includeInIndex = 0; path = myDemoAddUpUITests.xctest; sourceTree = BUILT_PRODUCTS_DIR; };
		1F05D2501CC47987000F404A /* myDemoAddUpUITests.m */ = {isa = PBXFileReference; lastKnownFileType = sourcecode.c.objc; path = myDemoAddUpUITests.m; sourceTree = "<group>"; };
		1F05D2521CC47987000F404A /* Info.plist */ = {isa = PBXFileReference; lastKnownFileType = text.plist.xml; path = Info.plist; sourceTree = "<group>"; };
		1F05D25E1CC47B13000F404A /* SQLViewController.h */ = {isa = PBXFileReference; fileEncoding = 4; lastKnownFileType = sourcecode.c.h; path = SQLViewController.h; sourceTree = "<group>"; };
		1F05D25F1CC47B13000F404A /* SQLViewController.m */ = {isa = PBXFileReference; fileEncoding = 4; lastKnownFileType = sourcecode.c.objc; path = SQLViewController.m; sourceTree = "<group>"; };
		1F05D2611CC48794000F404A /* libsqlite3.tbd */ = {isa = PBXFileReference; lastKnownFileType = "sourcecode.text-based-dylib-definition"; name = libsqlite3.tbd; path = usr/lib/libsqlite3.tbd; sourceTree = SDKROOT; };
		1F161A8F1CF6A9C6007BA3A0 /* TencentOpenAPI.framework */ = {isa = PBXFileReference; lastKnownFileType = wrapper.framework; path = TencentOpenAPI.framework; sourceTree = "<group>"; };
		1F161A901CF6A9C6007BA3A0 /* TencentOpenApi_IOS_Bundle.bundle */ = {isa = PBXFileReference; lastKnownFileType = "wrapper.plug-in"; path = TencentOpenApi_IOS_Bundle.bundle; sourceTree = "<group>"; };
		1F161A931CF6A9E6007BA3A0 /* Security.framework */ = {isa = PBXFileReference; lastKnownFileType = wrapper.framework; name = Security.framework; path = System/Library/Frameworks/Security.framework; sourceTree = SDKROOT; };
		1F161A951CF6A9F4007BA3A0 /* CoreGraphics.framework */ = {isa = PBXFileReference; lastKnownFileType = wrapper.framework; name = CoreGraphics.framework; path = System/Library/Frameworks/CoreGraphics.framework; sourceTree = SDKROOT; };
		1F161A971CF6AA12007BA3A0 /* CoreTelephony.framework */ = {isa = PBXFileReference; lastKnownFileType = wrapper.framework; name = CoreTelephony.framework; path = System/Library/Frameworks/CoreTelephony.framework; sourceTree = SDKROOT; };
		1F161A991CF6AA29007BA3A0 /* libstdc++.6.0.9.tbd */ = {isa = PBXFileReference; lastKnownFileType = "sourcecode.text-based-dylib-definition"; name = "libstdc++.6.0.9.tbd"; path = "usr/lib/libstdc++.6.0.9.tbd"; sourceTree = SDKROOT; };
		1F161A9B1CF6AA36007BA3A0 /* libz.tbd */ = {isa = PBXFileReference; lastKnownFileType = "sourcecode.text-based-dylib-definition"; name = libz.tbd; path = usr/lib/libz.tbd; sourceTree = SDKROOT; };
		1F1D01ED1CF6E53000DB2D2E /* QQLoginAndShare.h */ = {isa = PBXFileReference; fileEncoding = 4; lastKnownFileType = sourcecode.c.h; path = QQLoginAndShare.h; sourceTree = "<group>"; };
		1F1D01EE1CF6E53000DB2D2E /* QQLoginAndShare.m */ = {isa = PBXFileReference; fileEncoding = 4; lastKnownFileType = sourcecode.c.objc; path = QQLoginAndShare.m; sourceTree = "<group>"; };
		1F20F7CE1CE17D4C00972012 /* NetWorkViewController.h */ = {isa = PBXFileReference; fileEncoding = 4; lastKnownFileType = sourcecode.c.h; path = NetWorkViewController.h; sourceTree = "<group>"; };
		1F20F7CF1CE17D4C00972012 /* NetWorkViewController.m */ = {isa = PBXFileReference; fileEncoding = 4; lastKnownFileType = sourcecode.c.objc; path = NetWorkViewController.m; sourceTree = "<group>"; };
		1F2C47E01CC736200044E622 /* CFNetworkViewController.h */ = {isa = PBXFileReference; fileEncoding = 4; lastKnownFileType = sourcecode.c.h; path = CFNetworkViewController.h; sourceTree = "<group>"; };
		1F2C47E11CC736200044E622 /* CFNetworkViewController.m */ = {isa = PBXFileReference; fileEncoding = 4; lastKnownFileType = sourcecode.c.objc; path = CFNetworkViewController.m; sourceTree = "<group>"; };
		1F33ABEF1CDB37050031E07C /* CollectionVC.h */ = {isa = PBXFileReference; fileEncoding = 4; lastKnownFileType = sourcecode.c.h; path = CollectionVC.h; sourceTree = "<group>"; };
		1F33ABF01CDB37050031E07C /* CollectionVC.m */ = {isa = PBXFileReference; fileEncoding = 4; lastKnownFileType = sourcecode.c.objc; path = CollectionVC.m; sourceTree = "<group>"; };
		1F33ABF21CDB38570031E07C /* MYCollectionViewLayout.h */ = {isa = PBXFileReference; fileEncoding = 4; lastKnownFileType = sourcecode.c.h; path = MYCollectionViewLayout.h; sourceTree = "<group>"; };
		1F33ABF31CDB38570031E07C /* MYCollectionViewLayout.m */ = {isa = PBXFileReference; fileEncoding = 4; lastKnownFileType = sourcecode.c.objc; path = MYCollectionViewLayout.m; sourceTree = "<group>"; };
		1F5B21061CE57B8500C94765 /* SystemConfiguration.framework */ = {isa = PBXFileReference; lastKnownFileType = wrapper.framework; name = SystemConfiguration.framework; path = System/Library/Frameworks/SystemConfiguration.framework; sourceTree = SDKROOT; };
		1F7EBD301CCF50550056003F /* JSCoreViewController.h */ = {isa = PBXFileReference; fileEncoding = 4; lastKnownFileType = sourcecode.c.h; path = JSCoreViewController.h; sourceTree = "<group>"; };
		1F7EBD311CCF50550056003F /* JSCoreViewController.m */ = {isa = PBXFileReference; fileEncoding = 4; lastKnownFileType = sourcecode.c.objc; path = JSCoreViewController.m; sourceTree = "<group>"; };
		1F7EBD331CCF50CB0056003F /* JavaScriptCore.framework */ = {isa = PBXFileReference; lastKnownFileType = wrapper.framework; name = JavaScriptCore.framework; path = System/Library/Frameworks/JavaScriptCore.framework; sourceTree = SDKROOT; };
		1FB79B271CD059FB00702263 /* AFViewController.h */ = {isa = PBXFileReference; fileEncoding = 4; lastKnownFileType = sourcecode.c.h; path = AFViewController.h; sourceTree = "<group>"; };
		1FB79B281CD059FB00702263 /* AFViewController.m */ = {isa = PBXFileReference; fileEncoding = 4; lastKnownFileType = sourcecode.c.objc; path = AFViewController.m; sourceTree = "<group>"; };
		1FD9E2621CD986C3007606ED /* WebJsViewController.h */ = {isa = PBXFileReference; fileEncoding = 4; lastKnownFileType = sourcecode.c.h; path = WebJsViewController.h; sourceTree = "<group>"; };
		1FD9E2631CD986C3007606ED /* WebJsViewController.m */ = {isa = PBXFileReference; fileEncoding = 4; lastKnownFileType = sourcecode.c.objc; path = WebJsViewController.m; sourceTree = "<group>"; };
		1FD9E2661CD98877007606ED /* JSWebView.h */ = {isa = PBXFileReference; fileEncoding = 4; lastKnownFileType = sourcecode.c.h; path = JSWebView.h; sourceTree = "<group>"; };
		1FD9E2671CD98877007606ED /* JSWebView.m */ = {isa = PBXFileReference; fileEncoding = 4; lastKnownFileType = sourcecode.c.objc; path = JSWebView.m; sourceTree = "<group>"; };
		1FD9E2691CD98C98007606ED /* webjs.html */ = {isa = PBXFileReference; fileEncoding = 4; lastKnownFileType = text.html; path = webjs.html; sourceTree = "<group>"; };
		1FEF3EAE1CE9A25000EE8DCC /* NSString+HashWithType.h */ = {isa = PBXFileReference; fileEncoding = 4; lastKnownFileType = sourcecode.c.h; path = "NSString+HashWithType.h"; sourceTree = "<group>"; };
		1FEF3EAF1CE9A25000EE8DCC /* NSString+HashWithType.m */ = {isa = PBXFileReference; fileEncoding = 4; lastKnownFileType = sourcecode.c.objc; path = "NSString+HashWithType.m"; sourceTree = "<group>"; };
		1FEF3EB31CE9B71B00EE8DCC /* NSData+Base64.h */ = {isa = PBXFileReference; fileEncoding = 4; lastKnownFileType = sourcecode.c.h; path = "NSData+Base64.h"; sourceTree = "<group>"; };
		1FEF3EB41CE9B71B00EE8DCC /* NSData+Base64.m */ = {isa = PBXFileReference; fileEncoding = 4; lastKnownFileType = sourcecode.c.objc; path = "NSData+Base64.m"; sourceTree = "<group>"; };
		1FEF3EB51CE9B71B00EE8DCC /* NSData+Encryption.h */ = {isa = PBXFileReference; fileEncoding = 4; lastKnownFileType = sourcecode.c.h; path = "NSData+Encryption.h"; sourceTree = "<group>"; };
		1FEF3EB61CE9B71B00EE8DCC /* NSData+Encryption.m */ = {isa = PBXFileReference; fileEncoding = 4; lastKnownFileType = sourcecode.c.objc; path = "NSData+Encryption.m"; sourceTree = "<group>"; };
		1FEF3EB71CE9B71B00EE8DCC /* NSString+Encryption.h */ = {isa = PBXFileReference; fileEncoding = 4; lastKnownFileType = sourcecode.c.h; path = "NSString+Encryption.h"; sourceTree = "<group>"; };
		1FEF3EB81CE9B71B00EE8DCC /* NSString+Encryption.m */ = {isa = PBXFileReference; fileEncoding = 4; lastKnownFileType = sourcecode.c.objc; path = "NSString+Encryption.m"; sourceTree = "<group>"; };
		1FEF3EB91CE9B71B00EE8DCC /* NSString+Hashing.h */ = {isa = PBXFileReference; fileEncoding = 4; lastKnownFileType = sourcecode.c.h; path = "NSString+Hashing.h"; sourceTree = "<group>"; };
		1FEF3EBA1CE9B71B00EE8DCC /* NSString+Hashing.m */ = {isa = PBXFileReference; fileEncoding = 4; lastKnownFileType = sourcecode.c.objc; path = "NSString+Hashing.m"; sourceTree = "<group>"; };
/* End PBXFileReference section */

/* Begin PBXFrameworksBuildPhase section */
		1F05D2251CC47987000F404A /* Frameworks */ = {
			isa = PBXFrameworksBuildPhase;
			buildActionMask = 2147483647;
			files = (
				1F161A9C1CF6AA36007BA3A0 /* libz.tbd in Frameworks */,
				1F161A9A1CF6AA29007BA3A0 /* libstdc++.6.0.9.tbd in Frameworks */,
				1F161A981CF6AA12007BA3A0 /* CoreTelephony.framework in Frameworks */,
				1F161A961CF6A9F4007BA3A0 /* CoreGraphics.framework in Frameworks */,
				1F161A941CF6A9E7007BA3A0 /* Security.framework in Frameworks */,
				1F5B21071CE57B8500C94765 /* SystemConfiguration.framework in Frameworks */,
				1F161A911CF6A9C6007BA3A0 /* TencentOpenAPI.framework in Frameworks */,
				1F7EBD341CCF50CB0056003F /* JavaScriptCore.framework in Frameworks */,
				1F05D2621CC48794000F404A /* libsqlite3.tbd in Frameworks */,
			);
			runOnlyForDeploymentPostprocessing = 0;
		};
		1F05D23E1CC47987000F404A /* Frameworks */ = {
			isa = PBXFrameworksBuildPhase;
			buildActionMask = 2147483647;
			files = (
			);
			runOnlyForDeploymentPostprocessing = 0;
		};
		1F05D2491CC47987000F404A /* Frameworks */ = {
			isa = PBXFrameworksBuildPhase;
			buildActionMask = 2147483647;
			files = (
			);
			runOnlyForDeploymentPostprocessing = 0;
		};
/* End PBXFrameworksBuildPhase section */

/* Begin PBXGroup section */
		1F05D21F1CC47987000F404A = {
			isa = PBXGroup;
			children = (
				1F161A9B1CF6AA36007BA3A0 /* libz.tbd */,
				1F161A991CF6AA29007BA3A0 /* libstdc++.6.0.9.tbd */,
				1F161A971CF6AA12007BA3A0 /* CoreTelephony.framework */,
				1F161A951CF6A9F4007BA3A0 /* CoreGraphics.framework */,
				1F161A931CF6A9E6007BA3A0 /* Security.framework */,
				1F5B21061CE57B8500C94765 /* SystemConfiguration.framework */,
				1F7EBD331CCF50CB0056003F /* JavaScriptCore.framework */,
				1F05D2611CC48794000F404A /* libsqlite3.tbd */,
				1F05D22A1CC47987000F404A /* myDemoAddUp */,
				1F05D2441CC47987000F404A /* myDemoAddUpTests */,
				1F05D24F1CC47987000F404A /* myDemoAddUpUITests */,
				1F05D2291CC47987000F404A /* Products */,
			);
			sourceTree = "<group>";
		};
		1F05D2291CC47987000F404A /* Products */ = {
			isa = PBXGroup;
			children = (
				1F05D2281CC47987000F404A /* myDemoAddUp.app */,
				1F05D2411CC47987000F404A /* myDemoAddUpTests.xctest */,
				1F05D24C1CC47987000F404A /* myDemoAddUpUITests.xctest */,
			);
			name = Products;
			sourceTree = "<group>";
		};
		1F05D22A1CC47987000F404A /* myDemoAddUp */ = {
			isa = PBXGroup;
			children = (
				1F05D22E1CC47987000F404A /* AppDelegate.h */,
				1F05D22F1CC47987000F404A /* AppDelegate.m */,
				1F05D2311CC47987000F404A /* ViewController.h */,
				1F05D2321CC47987000F404A /* ViewController.m */,
				1F05D25E1CC47B13000F404A /* SQLViewController.h */,
				1F05D25F1CC47B13000F404A /* SQLViewController.m */,
				1F2C47E01CC736200044E622 /* CFNetworkViewController.h */,
				1F2C47E11CC736200044E622 /* CFNetworkViewController.m */,
				1F7EBD301CCF50550056003F /* JSCoreViewController.h */,
				1F7EBD311CCF50550056003F /* JSCoreViewController.m */,
				1FB79B271CD059FB00702263 /* AFViewController.h */,
				1FB79B281CD059FB00702263 /* AFViewController.m */,
				1FD9E2621CD986C3007606ED /* WebJsViewController.h */,
				1FD9E2631CD986C3007606ED /* WebJsViewController.m */,
				1F20F7CE1CE17D4C00972012 /* NetWorkViewController.h */,
				1F20F7CF1CE17D4C00972012 /* NetWorkViewController.m */,
				1FEF3EAE1CE9A25000EE8DCC /* NSString+HashWithType.h */,
				1FEF3EAF1CE9A25000EE8DCC /* NSString+HashWithType.m */,
				1F33ABEF1CDB37050031E07C /* CollectionVC.h */,
				1F33ABF01CDB37050031E07C /* CollectionVC.m */,
				1F33ABF21CDB38570031E07C /* MYCollectionViewLayout.h */,
				1F33ABF31CDB38570031E07C /* MYCollectionViewLayout.m */,
				1F1D01ED1CF6E53000DB2D2E /* QQLoginAndShare.h */,
				1F1D01EE1CF6E53000DB2D2E /* QQLoginAndShare.m */,
				1F05D2341CC47987000F404A /* Main.storyboard */,
				1F161A8E1CF6A9C6007BA3A0 /* three */,
				1FEF3EB21CE9B71B00EE8DCC /* encrypt */,
				1FD9E2651CD98767007606ED /* WebAndJS */,
				1F05D2371CC47987000F404A /* Assets.xcassets */,
				1F05D2391CC47987000F404A /* LaunchScreen.storyboard */,
				1F05D23C1CC47987000F404A /* Info.plist */,
				1F05D22B1CC47987000F404A /* Supporting Files */,
			);
			path = myDemoAddUp;
			sourceTree = "<group>";
		};
		1F05D22B1CC47987000F404A /* Supporting Files */ = {
			isa = PBXGroup;
			children = (
				1F05D22C1CC47987000F404A /* main.m */,
			);
			name = "Supporting Files";
			sourceTree = "<group>";
		};
		1F05D2441CC47987000F404A /* myDemoAddUpTests */ = {
			isa = PBXGroup;
			children = (
				1F05D2451CC47987000F404A /* myDemoAddUpTests.m */,
				1F05D2471CC47987000F404A /* Info.plist */,
			);
			path = myDemoAddUpTests;
			sourceTree = "<group>";
		};
		1F05D24F1CC47987000F404A /* myDemoAddUpUITests */ = {
			isa = PBXGroup;
			children = (
				1F05D2501CC47987000F404A /* myDemoAddUpUITests.m */,
				1F05D2521CC47987000F404A /* Info.plist */,
			);
			path = myDemoAddUpUITests;
			sourceTree = "<group>";
		};
		1F161A8E1CF6A9C6007BA3A0 /* three */ = {
			isa = PBXGroup;
			children = (
				1F161A8F1CF6A9C6007BA3A0 /* TencentOpenAPI.framework */,
				1F161A901CF6A9C6007BA3A0 /* TencentOpenApi_IOS_Bundle.bundle */,
			);
			path = three;
			sourceTree = "<group>";
		};
		1FD9E2651CD98767007606ED /* WebAndJS */ = {
			isa = PBXGroup;
			children = (
				1FD9E2661CD98877007606ED /* JSWebView.h */,
				1FD9E2671CD98877007606ED /* JSWebView.m */,
				1FD9E2691CD98C98007606ED /* webjs.html */,
			);
			path = WebAndJS;
			sourceTree = "<group>";
		};
		1FEF3EB21CE9B71B00EE8DCC /* encrypt */ = {
			isa = PBXGroup;
			children = (
				1FEF3EB31CE9B71B00EE8DCC /* NSData+Base64.h */,
				1FEF3EB41CE9B71B00EE8DCC /* NSData+Base64.m */,
				1FEF3EB51CE9B71B00EE8DCC /* NSData+Encryption.h */,
				1FEF3EB61CE9B71B00EE8DCC /* NSData+Encryption.m */,
				1FEF3EB71CE9B71B00EE8DCC /* NSString+Encryption.h */,
				1FEF3EB81CE9B71B00EE8DCC /* NSString+Encryption.m */,
				1FEF3EB91CE9B71B00EE8DCC /* NSString+Hashing.h */,
				1FEF3EBA1CE9B71B00EE8DCC /* NSString+Hashing.m */,
			);
			path = encrypt;
			sourceTree = "<group>";
		};
/* End PBXGroup section */

/* Begin PBXNativeTarget section */
		1F05D2271CC47987000F404A /* myDemoAddUp */ = {
			isa = PBXNativeTarget;
			buildConfigurationList = 1F05D2551CC47987000F404A /* Build configuration list for PBXNativeTarget "myDemoAddUp" */;
			buildPhases = (
				1F05D2241CC47987000F404A /* Sources */,
				1F05D2251CC47987000F404A /* Frameworks */,
				1F05D2261CC47987000F404A /* Resources */,
			);
			buildRules = (
			);
			dependencies = (
			);
			name = myDemoAddUp;
			productName = myDemoAddUp;
			productReference = 1F05D2281CC47987000F404A /* myDemoAddUp.app */;
			productType = "com.apple.product-type.application";
		};
		1F05D2401CC47987000F404A /* myDemoAddUpTests */ = {
			isa = PBXNativeTarget;
			buildConfigurationList = 1F05D2581CC47987000F404A /* Build configuration list for PBXNativeTarget "myDemoAddUpTests" */;
			buildPhases = (
				1F05D23D1CC47987000F404A /* Sources */,
				1F05D23E1CC47987000F404A /* Frameworks */,
				1F05D23F1CC47987000F404A /* Resources */,
			);
			buildRules = (
			);
			dependencies = (
				1F05D2431CC47987000F404A /* PBXTargetDependency */,
			);
			name = myDemoAddUpTests;
			productName = myDemoAddUpTests;
			productReference = 1F05D2411CC47987000F404A /* myDemoAddUpTests.xctest */;
			productType = "com.apple.product-type.bundle.unit-test";
		};
		1F05D24B1CC47987000F404A /* myDemoAddUpUITests */ = {
			isa = PBXNativeTarget;
			buildConfigurationList = 1F05D25B1CC47987000F404A /* Build configuration list for PBXNativeTarget "myDemoAddUpUITests" */;
			buildPhases = (
				1F05D2481CC47987000F404A /* Sources */,
				1F05D2491CC47987000F404A /* Frameworks */,
				1F05D24A1CC47987000F404A /* Resources */,
			);
			buildRules = (
			);
			dependencies = (
				1F05D24E1CC47987000F404A /* PBXTargetDependency */,
			);
			name = myDemoAddUpUITests;
			productName = myDemoAddUpUITests;
			productReference = 1F05D24C1CC47987000F404A /* myDemoAddUpUITests.xctest */;
			productType = "com.apple.product-type.bundle.ui-testing";
		};
/* End PBXNativeTarget section */

/* Begin PBXProject section */
		1F05D2201CC47987000F404A /* Project object */ = {
			isa = PBXProject;
			attributes = {
				LastUpgradeCheck = 0730;
				ORGANIZATIONNAME = zhangwei;
				TargetAttributes = {
					1F05D2271CC47987000F404A = {
						CreatedOnToolsVersion = 7.3;
					};
					1F05D2401CC47987000F404A = {
						CreatedOnToolsVersion = 7.3;
						TestTargetID = 1F05D2271CC47987000F404A;
					};
					1F05D24B1CC47987000F404A = {
						CreatedOnToolsVersion = 7.3;
						TestTargetID = 1F05D2271CC47987000F404A;
					};
				};
			};
			buildConfigurationList = 1F05D2231CC47987000F404A /* Build configuration list for PBXProject "myDemoAddUp" */;
			compatibilityVersion = "Xcode 3.2";
			developmentRegion = English;
			hasScannedForEncodings = 0;
			knownRegions = (
				en,
				Base,
			);
			mainGroup = 1F05D21F1CC47987000F404A;
			productRefGroup = 1F05D2291CC47987000F404A /* Products */;
			projectDirPath = "";
			projectRoot = "";
			targets = (
				1F05D2271CC47987000F404A /* myDemoAddUp */,
				1F05D2401CC47987000F404A /* myDemoAddUpTests */,
				1F05D24B1CC47987000F404A /* myDemoAddUpUITests */,
			);
		};
/* End PBXProject section */

/* Begin PBXResourcesBuildPhase section */
		1F05D2261CC47987000F404A /* Resources */ = {
			isa = PBXResourcesBuildPhase;
			buildActionMask = 2147483647;
			files = (
				1FD9E26A1CD98C98007606ED /* webjs.html in Resources */,
				1F05D23B1CC47987000F404A /* LaunchScreen.storyboard in Resources */,
				1F05D2381CC47987000F404A /* Assets.xcassets in Resources */,
				1F161A921CF6A9C6007BA3A0 /* TencentOpenApi_IOS_Bundle.bundle in Resources */,
				1F05D2361CC47987000F404A /* Main.storyboard in Resources */,
			);
			runOnlyForDeploymentPostprocessing = 0;
		};
		1F05D23F1CC47987000F404A /* Resources */ = {
			isa = PBXResourcesBuildPhase;
			buildActionMask = 2147483647;
			files = (
			);
			runOnlyForDeploymentPostprocessing = 0;
		};
		1F05D24A1CC47987000F404A /* Resources */ = {
			isa = PBXResourcesBuildPhase;
			buildActionMask = 2147483647;
			files = (
			);
			runOnlyForDeploymentPostprocessing = 0;
		};
/* End PBXResourcesBuildPhase section */

/* Begin PBXSourcesBuildPhase section */
		1F05D2241CC47987000F404A /* Sources */ = {
			isa = PBXSourcesBuildPhase;
			buildActionMask = 2147483647;
			files = (
				1F33ABF11CDB37050031E07C /* CollectionVC.m in Sources */,
				1F2C47E21CC736200044E622 /* CFNetworkViewController.m in Sources */,
				1F05D2331CC47987000F404A /* ViewController.m in Sources */,
				1FEF3EBB1CE9B71B00EE8DCC /* NSData+Base64.m in Sources */,
				1FD9E2641CD986C3007606ED /* WebJsViewController.m in Sources */,
				1F1D01EF1CF6E53000DB2D2E /* QQLoginAndShare.m in Sources */,
				1F33ABF41CDB38570031E07C /* MYCollectionViewLayout.m in Sources */,
				1F05D2601CC47B13000F404A /* SQLViewController.m in Sources */,
				1FEF3EBC1CE9B71B00EE8DCC /* NSData+Encryption.m in Sources */,
				1F05D2301CC47987000F404A /* AppDelegate.m in Sources */,
				1F20F7D01CE17D4C00972012 /* NetWorkViewController.m in Sources */,
				1FEF3EBE1CE9B71B00EE8DCC /* NSString+Hashing.m in Sources */,
				1FB79B291CD059FB00702263 /* AFViewController.m in Sources */,
				1F7EBD321CCF50550056003F /* JSCoreViewController.m in Sources */,
				1FEF3EB01CE9A25000EE8DCC /* NSString+HashWithType.m in Sources */,
				1F05D22D1CC47987000F404A /* main.m in Sources */,
				1FEF3EBD1CE9B71B00EE8DCC /* NSString+Encryption.m in Sources */,
				1FD9E2681CD98877007606ED /* JSWebView.m in Sources */,
			);
			runOnlyForDeploymentPostprocessing = 0;
		};
		1F05D23D1CC47987000F404A /* Sources */ = {
			isa = PBXSourcesBuildPhase;
			buildActionMask = 2147483647;
			files = (
				1F05D2461CC47987000F404A /* myDemoAddUpTests.m in Sources */,
			);
			runOnlyForDeploymentPostprocessing = 0;
		};
		1F05D2481CC47987000F404A /* Sources */ = {
			isa = PBXSourcesBuildPhase;
			buildActionMask = 2147483647;
			files = (
				1F05D2511CC47987000F404A /* myDemoAddUpUITests.m in Sources */,
			);
			runOnlyForDeploymentPostprocessing = 0;
		};
/* End PBXSourcesBuildPhase section */

/* Begin PBXTargetDependency section */
		1F05D2431CC47987000F404A /* PBXTargetDependency */ = {
			isa = PBXTargetDependency;
			target = 1F05D2271CC47987000F404A /* myDemoAddUp */;
			targetProxy = 1F05D2421CC47987000F404A /* PBXContainerItemProxy */;
		};
		1F05D24E1CC47987000F404A /* PBXTargetDependency */ = {
			isa = PBXTargetDependency;
			target = 1F05D2271CC47987000F404A /* myDemoAddUp */;
			targetProxy = 1F05D24D1CC47987000F404A /* PBXContainerItemProxy */;
		};
/* End PBXTargetDependency section */

/* Begin PBXVariantGroup section */
		1F05D2341CC47987000F404A /* Main.storyboard */ = {
			isa = PBXVariantGroup;
			children = (
				1F05D2351CC47987000F404A /* Base */,
			);
			name = Main.storyboard;
			sourceTree = "<group>";
		};
		1F05D2391CC47987000F404A /* LaunchScreen.storyboard */ = {
			isa = PBXVariantGroup;
			children = (
				1F05D23A1CC47987000F404A /* Base */,
			);
			name = LaunchScreen.storyboard;
			sourceTree = "<group>";
		};
/* End PBXVariantGroup section */

/* Begin XCBuildConfiguration section */
		1F05D2531CC47987000F404A /* Debug */ = {
			isa = XCBuildConfiguration;
			buildSettings = {
				ALWAYS_SEARCH_USER_PATHS = NO;
				CLANG_ANALYZER_NONNULL = YES;
				CLANG_CXX_LANGUAGE_STANDARD = "gnu++0x";
				CLANG_CXX_LIBRARY = "libc++";
				CLANG_ENABLE_MODULES = YES;
				CLANG_ENABLE_OBJC_ARC = YES;
				CLANG_WARN_BOOL_CONVERSION = YES;
				CLANG_WARN_CONSTANT_CONVERSION = YES;
				CLANG_WARN_DIRECT_OBJC_ISA_USAGE = YES_ERROR;
				CLANG_WARN_EMPTY_BODY = YES;
				CLANG_WARN_ENUM_CONVERSION = YES;
				CLANG_WARN_INT_CONVERSION = YES;
				CLANG_WARN_OBJC_ROOT_CLASS = YES_ERROR;
				CLANG_WARN_UNREACHABLE_CODE = YES;
				CLANG_WARN__DUPLICATE_METHOD_MATCH = YES;
				"CODE_SIGN_IDENTITY[sdk=iphoneos*]" = "iPhone Developer";
				COPY_PHASE_STRIP = NO;
				DEBUG_INFORMATION_FORMAT = dwarf;
				ENABLE_STRICT_OBJC_MSGSEND = YES;
				ENABLE_TESTABILITY = YES;
				GCC_C_LANGUAGE_STANDARD = gnu99;
				GCC_DYNAMIC_NO_PIC = NO;
				GCC_NO_COMMON_BLOCKS = YES;
				GCC_OPTIMIZATION_LEVEL = 0;
				GCC_PREPROCESSOR_DEFINITIONS = (
					"DEBUG=1",
					"$(inherited)",
				);
				GCC_WARN_64_TO_32_BIT_CONVERSION = YES;
				GCC_WARN_ABOUT_RETURN_TYPE = YES_ERROR;
				GCC_WARN_UNDECLARED_SELECTOR = YES;
				GCC_WARN_UNINITIALIZED_AUTOS = YES_AGGRESSIVE;
				GCC_WARN_UNUSED_FUNCTION = YES;
				GCC_WARN_UNUSED_VARIABLE = YES;
				IPHONEOS_DEPLOYMENT_TARGET = 9.3;
				MTL_ENABLE_DEBUG_INFO = YES;
				ONLY_ACTIVE_ARCH = YES;
				SDKROOT = iphoneos;
			};
			name = Debug;
		};
		1F05D2541CC47987000F404A /* Release */ = {
			isa = XCBuildConfiguration;
			buildSettings = {
				ALWAYS_SEARCH_USER_PATHS = NO;
				CLANG_ANALYZER_NONNULL = YES;
				CLANG_CXX_LANGUAGE_STANDARD = "gnu++0x";
				CLANG_CXX_LIBRARY = "libc++";
				CLANG_ENABLE_MODULES = YES;
				CLANG_ENABLE_OBJC_ARC = YES;
				CLANG_WARN_BOOL_CONVERSION = YES;
				CLANG_WARN_CONSTANT_CONVERSION = YES;
				CLANG_WARN_DIRECT_OBJC_ISA_USAGE = YES_ERROR;
				CLANG_WARN_EMPTY_BODY = YES;
				CLANG_WARN_ENUM_CONVERSION = YES;
				CLANG_WARN_INT_CONVERSION = YES;
				CLANG_WARN_OBJC_ROOT_CLASS = YES_ERROR;
				CLANG_WARN_UNREACHABLE_CODE = YES;
				CLANG_WARN__DUPLICATE_METHOD_MATCH = YES;
				"CODE_SIGN_IDENTITY[sdk=iphoneos*]" = "iPhone Developer";
				COPY_PHASE_STRIP = NO;
				DEBUG_INFORMATION_FORMAT = "dwarf-with-dsym";
				ENABLE_NS_ASSERTIONS = NO;
				ENABLE_STRICT_OBJC_MSGSEND = YES;
				GCC_C_LANGUAGE_STANDARD = gnu99;
				GCC_NO_COMMON_BLOCKS = YES;
				GCC_WARN_64_TO_32_BIT_CONVERSION = YES;
				GCC_WARN_ABOUT_RETURN_TYPE = YES_ERROR;
				GCC_WARN_UNDECLARED_SELECTOR = YES;
				GCC_WARN_UNINITIALIZED_AUTOS = YES_AGGRESSIVE;
				GCC_WARN_UNUSED_FUNCTION = YES;
				GCC_WARN_UNUSED_VARIABLE = YES;
				IPHONEOS_DEPLOYMENT_TARGET = 9.3;
				MTL_ENABLE_DEBUG_INFO = NO;
				SDKROOT = iphoneos;
				VALIDATE_PRODUCT = YES;
			};
			name = Release;
		};
		1F05D2561CC47987000F404A /* Debug */ = {
			isa = XCBuildConfiguration;
			buildSettings = {
				ASSETCATALOG_COMPILER_APPICON_NAME = AppIcon;
				FRAMEWORK_SEARCH_PATHS = (
					"$(inherited)",
					"$(PROJECT_DIR)/myDemoAddUp/three",
				);
				INFOPLIST_FILE = myDemoAddUp/Info.plist;
				LD_RUNPATH_SEARCH_PATHS = "$(inherited) @executable_path/Frameworks";
				OTHER_LIBTOOLFLAGS = "-fobjc-arc";
				PRODUCT_BUNDLE_IDENTIFIER = zhang.myDemoAddUp;
				PRODUCT_NAME = "$(TARGET_NAME)";
			};
			name = Debug;
		};
		1F05D2571CC47987000F404A /* Release */ = {
			isa = XCBuildConfiguration;
			buildSettings = {
				ASSETCATALOG_COMPILER_APPICON_NAME = AppIcon;
				FRAMEWORK_SEARCH_PATHS = (
					"$(inherited)",
					"$(PROJECT_DIR)/myDemoAddUp/three",
				);
				INFOPLIST_FILE = myDemoAddUp/Info.plist;
				LD_RUNPATH_SEARCH_PATHS = "$(inherited) @executable_path/Frameworks";
				OTHER_LIBTOOLFLAGS = "-fobjc-arc";
				PRODUCT_BUNDLE_IDENTIFIER = zhang.myDemoAddUp;
				PRODUCT_NAME = "$(TARGET_NAME)";
			};
			name = Release;
		};
		1F05D2591CC47987000F404A /* Debug */ = {
			isa = XCBuildConfiguration;
			buildSettings = {
				BUNDLE_LOADER = "$(TEST_HOST)";
				INFOPLIST_FILE = myDemoAddUpTests/Info.plist;
				LD_RUNPATH_SEARCH_PATHS = "$(inherited) @executable_path/Frameworks @loader_path/Frameworks";
				PRODUCT_BUNDLE_IDENTIFIER = zhang.myDemoAddUpTests;
				PRODUCT_NAME = "$(TARGET_NAME)";
				TEST_HOST = "$(BUILT_PRODUCTS_DIR)/myDemoAddUp.app/myDemoAddUp";
			};
			name = Debug;
		};
		1F05D25A1CC47987000F404A /* Release */ = {
			isa = XCBuildConfiguration;
			buildSettings = {
				BUNDLE_LOADER = "$(TEST_HOST)";
				INFOPLIST_FILE = myDemoAddUpTests/Info.plist;
				LD_RUNPATH_SEARCH_PATHS = "$(inherited) @executable_path/Frameworks @loader_path/Frameworks";
				PRODUCT_BUNDLE_IDENTIFIER = zhang.myDemoAddUpTests;
				PRODUCT_NAME = "$(TARGET_NAME)";
				TEST_HOST = "$(BUILT_PRODUCTS_DIR)/myDemoAddUp.app/myDemoAddUp";
			};
			name = Release;
		};
		1F05D25C1CC47987000F404A /* Debug */ = {
			isa = XCBuildConfiguration;
			buildSettings = {
				INFOPLIST_FILE = myDemoAddUpUITests/Info.plist;
				LD_RUNPATH_SEARCH_PATHS = "$(inherited) @executable_path/Frameworks @loader_path/Frameworks";
				PRODUCT_BUNDLE_IDENTIFIER = zhang.myDemoAddUpUITests;
				PRODUCT_NAME = "$(TARGET_NAME)";
				TEST_TARGET_NAME = myDemoAddUp;
			};
			name = Debug;
		};
		1F05D25D1CC47987000F404A /* Release */ = {
			isa = XCBuildConfiguration;
			buildSettings = {
				INFOPLIST_FILE = myDemoAddUpUITests/Info.plist;
				LD_RUNPATH_SEARCH_PATHS = "$(inherited) @executable_path/Frameworks @loader_path/Frameworks";
				PRODUCT_BUNDLE_IDENTIFIER = zhang.myDemoAddUpUITests;
				PRODUCT_NAME = "$(TARGET_NAME)";
				TEST_TARGET_NAME = myDemoAddUp;
			};
			name = Release;
		};
/* End XCBuildConfiguration section */

/* Begin XCConfigurationList section */
		1F05D2231CC47987000F404A /* Build configuration list for PBXProject "myDemoAddUp" */ = {
			isa = XCConfigurationList;
			buildConfigurations = (
				1F05D2531CC47987000F404A /* Debug */,
				1F05D2541CC47987000F404A /* Release */,
			);
			defaultConfigurationIsVisible = 0;
			defaultConfigurationName = Release;
		};
		1F05D2551CC47987000F404A /* Build configuration list for PBXNativeTarget "myDemoAddUp" */ = {
			isa = XCConfigurationList;
			buildConfigurations = (
				1F05D2561CC47987000F404A /* Debug */,
				1F05D2571CC47987000F404A /* Release */,
			);
			defaultConfigurationIsVisible = 0;
			defaultConfigurationName = Release;
		};
		1F05D2581CC47987000F404A /* Build configuration list for PBXNativeTarget "myDemoAddUpTests" */ = {
			isa = XCConfigurationList;
			buildConfigurations = (
				1F05D2591CC47987000F404A /* Debug */,
				1F05D25A1CC47987000F404A /* Release */,
			);
			defaultConfigurationIsVisible = 0;
			defaultConfigurationName = Release;
		};
		1F05D25B1CC47987000F404A /* Build configuration list for PBXNativeTarget "myDemoAddUpUITests" */ = {
			isa = XCConfigurationList;
			buildConfigurations = (
				1F05D25C1CC47987000F404A /* Debug */,
				1F05D25D1CC47987000F404A /* Release */,
			);
			defaultConfigurationIsVisible = 0;
			defaultConfigurationName = Release;
		};
/* End XCConfigurationList section */
	};
	rootObject = 1F05D2201CC47987000F404A /* Project object */;
}
