// !$*UTF8*$!
{
	archiveVersion = 1;
	classes = {
	};
	objectVersion = 46;
	objects = {

/* Begin PBXBuildFile section */
		1F05D2461CC47987000F404A /* myDemoAddUpTests.m in Sources */ = {isa = PBXBuildFile; fileRef = 1F05D2451CC47987000F404A /* myDemoAddUpTests.m */; };
		1F05D2511CC47987000F404A /* myDemoAddUpUITests.m in Sources */ = {isa = PBXBuildFile; fileRef = 1F05D2501CC47987000F404A /* myDemoAddUpUITests.m */; };
		1F05D2621CC48794000F404A /* libsqlite3.tbd in Frameworks */ = {isa = PBXBuildFile; fileRef = 1F05D2611CC48794000F404A /* libsqlite3.tbd */; };
		1F161A941CF6A9E7007BA3A0 /* Security.framework in Frameworks */ = {isa = PBXBuildFile; fileRef = 1F161A931CF6A9E6007BA3A0 /* Security.framework */; };
		1F161A961CF6A9F4007BA3A0 /* CoreGraphics.framework in Frameworks */ = {isa = PBXBuildFile; fileRef = 1F161A951CF6A9F4007BA3A0 /* CoreGraphics.framework */; };
		1F161A981CF6AA12007BA3A0 /* CoreTelephony.framework in Frameworks */ = {isa = PBXBuildFile; fileRef = 1F161A971CF6AA12007BA3A0 /* CoreTelephony.framework */; };
		1F161A9A1CF6AA29007BA3A0 /* libstdc++.6.0.9.tbd in Frameworks */ = {isa = PBXBuildFile; fileRef = 1F161A991CF6AA29007BA3A0 /* libstdc++.6.0.9.tbd */; };
		1F161A9C1CF6AA36007BA3A0 /* libz.tbd in Frameworks */ = {isa = PBXBuildFile; fileRef = 1F161A9B1CF6AA36007BA3A0 /* libz.tbd */; };
		1F5B21071CE57B8500C94765 /* SystemConfiguration.framework in Frameworks */ = {isa = PBXBuildFile; fileRef = 1F5B21061CE57B8500C94765 /* SystemConfiguration.framework */; };
		1F7EBD341CCF50CB0056003F /* JavaScriptCore.framework in Frameworks */ = {isa = PBXBuildFile; fileRef = 1F7EBD331CCF50CB0056003F /* JavaScriptCore.framework */; };
		1FA026B41CFC26A900A447BA /* TencentOpenApi_IOS_Bundle.bundle in Resources */ = {isa = PBXBuildFile; fileRef = 1FA026B21CFC26A900A447BA /* TencentOpenApi_IOS_Bundle.bundle */; };
		1FA026B51CFC26A900A447BA /* TencentOpenAPI.framework in Frameworks */ = {isa = PBXBuildFile; fileRef = 1FA026B31CFC26A900A447BA /* TencentOpenAPI.framework */; };
		1FE6FAB11CFC196900345D12 /* libstdc++.tbd in Frameworks */ = {isa = PBXBuildFile; fileRef = 1FE6FAB01CFC196900345D12 /* libstdc++.tbd */; };
		1FE6FAB31CFC1DE300345D12 /* Foundation.framework in Frameworks */ = {isa = PBXBuildFile; fileRef = 1FE6FAB21CFC1DE300345D12 /* Foundation.framework */; };
		1FE6FAB51CFC1E0400345D12 /* MobileCoreServices.framework in Frameworks */ = {isa = PBXBuildFile; fileRef = 1FE6FAB41CFC1E0400345D12 /* MobileCoreServices.framework */; };
/* End PBXBuildFile section */

/* Begin PBXContainerItemProxy section */
		1F05D2421CC47987000F404A /* PBXContainerItemProxy */ = {
			isa = PBXContainerItemProxy;
			containerPortal = 1F05D2201CC47987000F404A /* Project object */;
			proxyType = 1;
			remoteGlobalIDString = 1F05D2271CC47987000F404A;
			remoteInfo = myDemoAddUp;
		};
		1F05D24D1CC47987000F404A /* PBXContainerItemProxy */ = {
			isa = PBXContainerItemProxy;
			containerPortal = 1F05D2201CC47987000F404A /* Project object */;
			proxyType = 1;
			remoteGlobalIDString = 1F05D2271CC47987000F404A;
			remoteInfo = myDemoAddUp;
		};
/* End PBXContainerItemProxy section */

/* Begin PBXFileReference section */
		1F05D2281CC47987000F404A /* zywdemo.app */ = {isa = PBXFileReference; explicitFileType = wrapper.application; includeInIndex = 0; path = zywdemo.app; sourceTree = BUILT_PRODUCTS_DIR; };
		1F05D2411CC47987000F404A /* myDemoAddUpTests.xctest */ = {isa = PBXFileReference; explicitFileType = wrapper.cfbundle; includeInIndex = 0; path = myDemoAddUpTests.xctest; sourceTree = BUILT_PRODUCTS_DIR; };
		1F05D2451CC47987000F404A /* myDemoAddUpTests.m */ = {isa = PBXFileReference; lastKnownFileType = sourcecode.c.objc; path = myDemoAddUpTests.m; sourceTree = "<group>"; };
		1F05D2471CC47987000F404A /* Info.plist */ = {isa = PBXFileReference; lastKnownFileType = text.plist.xml; path = Info.plist; sourceTree = "<group>"; };
		1F05D24C1CC47987000F404A /* myDemoAddUpUITests.xctest */ = {isa = PBXFileReference; explicitFileType = wrapper.cfbundle; includeInIndex = 0; path = myDemoAddUpUITests.xctest; sourceTree = BUILT_PRODUCTS_DIR; };
		1F05D2501CC47987000F404A /* myDemoAddUpUITests.m */ = {isa = PBXFileReference; lastKnownFileType = sourcecode.c.objc; path = myDemoAddUpUITests.m; sourceTree = "<group>"; };
		1F05D2521CC47987000F404A /* Info.plist */ = {isa = PBXFileReference; lastKnownFileType = text.plist.xml; path = Info.plist; sourceTree = "<group>"; };
		1F05D2611CC48794000F404A /* libsqlite3.tbd */ = {isa = PBXFileReference; lastKnownFileType = "sourcecode.text-based-dylib-definition"; name = libsqlite3.tbd; path = usr/lib/libsqlite3.tbd; sourceTree = SDKROOT; };
		1F161A931CF6A9E6007BA3A0 /* Security.framework */ = {isa = PBXFileReference; lastKnownFileType = wrapper.framework; name = Security.framework; path = System/Library/Frameworks/Security.framework; sourceTree = SDKROOT; };
		1F161A951CF6A9F4007BA3A0 /* CoreGraphics.framework */ = {isa = PBXFileReference; lastKnownFileType = wrapper.framework; name = CoreGraphics.framework; path = System/Library/Frameworks/CoreGraphics.framework; sourceTree = SDKROOT; };
		1F161A971CF6AA12007BA3A0 /* CoreTelephony.framework */ = {isa = PBXFileReference; lastKnownFileType = wrapper.framework; name = CoreTelephony.framework; path = System/Library/Frameworks/CoreTelephony.framework; sourceTree = SDKROOT; };
		1F161A991CF6AA29007BA3A0 /* libstdc++.6.0.9.tbd */ = {isa = PBXFileReference; lastKnownFileType = "sourcecode.text-based-dylib-definition"; name = "libstdc++.6.0.9.tbd"; path = "usr/lib/libstdc++.6.0.9.tbd"; sourceTree = SDKROOT; };
		1F161A9B1CF6AA36007BA3A0 /* libz.tbd */ = {isa = PBXFileReference; lastKnownFileType = "sourcecode.text-based-dylib-definition"; name = libz.tbd; path = usr/lib/libz.tbd; sourceTree = SDKROOT; };
		1F5B21061CE57B8500C94765 /* SystemConfiguration.framework */ = {isa = PBXFileReference; lastKnownFileType = wrapper.framework; name = SystemConfiguration.framework; path = System/Library/Frameworks/SystemConfiguration.framework; sourceTree = SDKROOT; };
		1F7EBD331CCF50CB0056003F /* JavaScriptCore.framework */ = {isa = PBXFileReference; lastKnownFileType = wrapper.framework; name = JavaScriptCore.framework; path = System/Library/Frameworks/JavaScriptCore.framework; sourceTree = SDKROOT; };
		1FA026B21CFC26A900A447BA /* TencentOpenApi_IOS_Bundle.bundle */ = {isa = PBXFileReference; lastKnownFileType = "wrapper.plug-in"; path = TencentOpenApi_IOS_Bundle.bundle; sourceTree = "<group>"; };
		1FA026B31CFC26A900A447BA /* TencentOpenAPI.framework */ = {isa = PBXFileReference; lastKnownFileType = wrapper.framework; path = TencentOpenAPI.framework; sourceTree = "<group>"; };
		1FE6FAB01CFC196900345D12 /* libstdc++.tbd */ = {isa = PBXFileReference; lastKnownFileType = "sourcecode.text-based-dylib-definition"; name = "libstdc++.tbd"; path = "usr/lib/libstdc++.tbd"; sourceTree = SDKROOT; };
		1FE6FAB21CFC1DE300345D12 /* Foundation.framework */ = {isa = PBXFileReference; lastKnownFileType = wrapper.framework; name = Foundation.framework; path = System/Library/Frameworks/Foundation.framework; sourceTree = SDKROOT; };
		1FE6FAB41CFC1E0400345D12 /* MobileCoreServices.framework */ = {isa = PBXFileReference; lastKnownFileType = wrapper.framework; name = MobileCoreServices.framework; path = System/Library/Frameworks/MobileCoreServices.framework; sourceTree = SDKROOT; };
/* End PBXFileReference section */

/* Begin PBXFrameworksBuildPhase section */
		1F05D2251CC47987000F404A /* Frameworks */ = {
			isa = PBXFrameworksBuildPhase;
			buildActionMask = 2147483647;
			files = (
				1FE6FAB51CFC1E0400345D12 /* MobileCoreServices.framework in Frameworks */,
				1FA026B51CFC26A900A447BA /* TencentOpenAPI.framework in Frameworks */,
				1FE6FAB31CFC1DE300345D12 /* Foundation.framework in Frameworks */,
				1FE6FAB11CFC196900345D12 /* libstdc++.tbd in Frameworks */,
				1F161A9C1CF6AA36007BA3A0 /* libz.tbd in Frameworks */,
				1F161A9A1CF6AA29007BA3A0 /* libstdc++.6.0.9.tbd in Frameworks */,
				1F161A981CF6AA12007BA3A0 /* CoreTelephony.framework in Frameworks */,
				1F161A961CF6A9F4007BA3A0 /* CoreGraphics.framework in Frameworks */,
				1F161A941CF6A9E7007BA3A0 /* Security.framework in Frameworks */,
				1F5B21071CE57B8500C94765 /* SystemConfiguration.framework in Frameworks */,
				1F7EBD341CCF50CB0056003F /* JavaScriptCore.framework in Frameworks */,
				1F05D2621CC48794000F404A /* libsqlite3.tbd in Frameworks */,
			);
			runOnlyForDeploymentPostprocessing = 0;
		};
		1F05D23E1CC47987000F404A /* Frameworks */ = {
			isa = PBXFrameworksBuildPhase;
			buildActionMask = 2147483647;
			files = (
			);
			runOnlyForDeploymentPostprocessing = 0;
		};
		1F05D2491CC47987000F404A /* Frameworks */ = {
			isa = PBXFrameworksBuildPhase;
			buildActionMask = 2147483647;
			files = (
			);
			runOnlyForDeploymentPostprocessing = 0;
		};
/* End PBXFrameworksBuildPhase section */

/* Begin PBXGroup section */
		1F05D21F1CC47987000F404A = {
			isa = PBXGroup;
			children = (
				1FE6FAB41CFC1E0400345D12 /* MobileCoreServices.framework */,
				1FE6FAB21CFC1DE300345D12 /* Foundation.framework */,
				1FE6FAB01CFC196900345D12 /* libstdc++.tbd */,
				1F161A9B1CF6AA36007BA3A0 /* libz.tbd */,
				1F161A991CF6AA29007BA3A0 /* libstdc++.6.0.9.tbd */,
				1F161A971CF6AA12007BA3A0 /* CoreTelephony.framework */,
				1F161A951CF6A9F4007BA3A0 /* CoreGraphics.framework */,
				1F161A931CF6A9E6007BA3A0 /* Security.framework */,
				1F5B21061CE57B8500C94765 /* SystemConfiguration.framework */,
				1F7EBD331CCF50CB0056003F /* JavaScriptCore.framework */,
				1F05D2611CC48794000F404A /* libsqlite3.tbd */,
				1F05D2441CC47987000F404A /* myDemoAddUpTests */,
				1F05D24F1CC47987000F404A /* myDemoAddUpUITests */,
				1F05D2291CC47987000F404A /* Products */,
				1FA026B21CFC26A900A447BA /* TencentOpenApi_IOS_Bundle.bundle */,
				1FA026B31CFC26A900A447BA /* TencentOpenAPI.framework */,
			);
			sourceTree = "<group>";
		};
		1F05D2291CC47987000F404A /* Products */ = {
			isa = PBXGroup;
			children = (
				1F05D2281CC47987000F404A /* zywdemo.app */,
				1F05D2411CC47987000F404A /* myDemoAddUpTests.xctest */,
				1F05D24C1CC47987000F404A /* myDemoAddUpUITests.xctest */,
			);
			name = Products;
			sourceTree = "<group>";
		};
		1F05D2441CC47987000F404A /* myDemoAddUpTests */ = {
			isa = PBXGroup;
			children = (
				1F05D2451CC47987000F404A /* myDemoAddUpTests.m */,
				1F05D2471CC47987000F404A /* Info.plist */,
			);
			path = myDemoAddUpTests;
			sourceTree = "<group>";
		};
		1F05D24F1CC47987000F404A /* myDemoAddUpUITests */ = {
			isa = PBXGroup;
			children = (
				1F05D2501CC47987000F404A /* myDemoAddUpUITests.m */,
				1F05D2521CC47987000F404A /* Info.plist */,
			);
			path = myDemoAddUpUITests;
			sourceTree = "<group>";
		};
/* End PBXGroup section */

/* Begin PBXNativeTarget section */
		1F05D2271CC47987000F404A /* myDemoAddUp */ = {
			isa = PBXNativeTarget;
			buildConfigurationList = 1F05D2551CC47987000F404A /* Build configuration list for PBXNativeTarget "myDemoAddUp" */;
			buildPhases = (
				1F05D2241CC47987000F404A /* Sources */,
				1F05D2251CC47987000F404A /* Frameworks */,
				1F05D2261CC47987000F404A /* Resources */,
			);
			buildRules = (
			);
			dependencies = (
			);
			name = myDemoAddUp;
			productName = myDemoAddUp;
			productReference = 1F05D2281CC47987000F404A /* zywdemo.app */;
			productType = "com.apple.product-type.application";
		};
		1F05D2401CC47987000F404A /* myDemoAddUpTests */ = {
			isa = PBXNativeTarget;
			buildConfigurationList = 1F05D2581CC47987000F404A /* Build configuration list for PBXNativeTarget "myDemoAddUpTests" */;
			buildPhases = (
				1F05D23D1CC47987000F404A /* Sources */,
				1F05D23E1CC47987000F404A /* Frameworks */,
				1F05D23F1CC47987000F404A /* Resources */,
			);
			buildRules = (
			);
			dependencies = (
				1F05D2431CC47987000F404A /* PBXTargetDependency */,
			);
			name = myDemoAddUpTests;
			productName = myDemoAddUpTests;
			productReference = 1F05D2411CC47987000F404A /* myDemoAddUpTests.xctest */;
			productType = "com.apple.product-type.bundle.unit-test";
		};
		1F05D24B1CC47987000F404A /* myDemoAddUpUITests */ = {
			isa = PBXNativeTarget;
			buildConfigurationList = 1F05D25B1CC47987000F404A /* Build configuration list for PBXNativeTarget "myDemoAddUpUITests" */;
			buildPhases = (
				1F05D2481CC47987000F404A /* Sources */,
				1F05D2491CC47987000F404A /* Frameworks */,
				1F05D24A1CC47987000F404A /* Resources */,
			);
			buildRules = (
			);
			dependencies = (
				1F05D24E1CC47987000F404A /* PBXTargetDependency */,
			);
			name = myDemoAddUpUITests;
			productName = myDemoAddUpUITests;
			productReference = 1F05D24C1CC47987000F404A /* myDemoAddUpUITests.xctest */;
			productType = "com.apple.product-type.bundle.ui-testing";
		};
/* End PBXNativeTarget section */

/* Begin PBXProject section */
		1F05D2201CC47987000F404A /* Project object */ = {
			isa = PBXProject;
			attributes = {
				LastUpgradeCheck = 0730;
				ORGANIZATIONNAME = zhangwei;
				TargetAttributes = {
					1F05D2271CC47987000F404A = {
						CreatedOnToolsVersion = 7.3;
					};
					1F05D2401CC47987000F404A = {
						CreatedOnToolsVersion = 7.3;
						TestTargetID = 1F05D2271CC47987000F404A;
					};
					1F05D24B1CC47987000F404A = {
						CreatedOnToolsVersion = 7.3;
						TestTargetID = 1F05D2271CC47987000F404A;
					};
				};
			};
			buildConfigurationList = 1F05D2231CC47987000F404A /* Build configuration list for PBXProject "myDemoAddUp" */;
			compatibilityVersion = "Xcode 3.2";
			developmentRegion = English;
			hasScannedForEncodings = 0;
			knownRegions = (
				en,
				Base,
			);
			mainGroup = 1F05D21F1CC47987000F404A;
			productRefGroup = 1F05D2291CC47987000F404A /* Products */;
			projectDirPath = "";
			projectRoot = "";
			targets = (
				1F05D2271CC47987000F404A /* myDemoAddUp */,
				1F05D2401CC47987000F404A /* myDemoAddUpTests */,
				1F05D24B1CC47987000F404A /* myDemoAddUpUITests */,
			);
		};
/* End PBXProject section */

/* Begin PBXResourcesBuildPhase section */
		1F05D2261CC47987000F404A /* Resources */ = {
			isa = PBXResourcesBuildPhase;
			buildActionMask = 2147483647;
			files = (
				1FA026B41CFC26A900A447BA /* TencentOpenApi_IOS_Bundle.bundle in Resources */,
			);
			runOnlyForDeploymentPostprocessing = 0;
		};
		1F05D23F1CC47987000F404A /* Resources */ = {
			isa = PBXResourcesBuildPhase;
			buildActionMask = 2147483647;
			files = (
			);
			runOnlyForDeploymentPostprocessing = 0;
		};
		1F05D24A1CC47987000F404A /* Resources */ = {
			isa = PBXResourcesBuildPhase;
			buildActionMask = 2147483647;
			files = (
			);
			runOnlyForDeploymentPostprocessing = 0;
		};
/* End PBXResourcesBuildPhase section */

/* Begin PBXSourcesBuildPhase section */
		1F05D2241CC47987000F404A /* Sources */ = {
			isa = PBXSourcesBuildPhase;
			buildActionMask = 2147483647;
			files = (
			);
			runOnlyForDeploymentPostprocessing = 0;
		};
		1F05D23D1CC47987000F404A /* Sources */ = {
			isa = PBXSourcesBuildPhase;
			buildActionMask = 2147483647;
			files = (
				1F05D2461CC47987000F404A /* myDemoAddUpTests.m in Sources */,
			);
			runOnlyForDeploymentPostprocessing = 0;
		};
		1F05D2481CC47987000F404A /* Sources */ = {
			isa = PBXSourcesBuildPhase;
			buildActionMask = 2147483647;
			files = (
				1F05D2511CC47987000F404A /* myDemoAddUpUITests.m in Sources */,
			);
			runOnlyForDeploymentPostprocessing = 0;
		};
/* End PBXSourcesBuildPhase section */

/* Begin PBXTargetDependency section */
		1F05D2431CC47987000F404A /* PBXTargetDependency */ = {
			isa = PBXTargetDependency;
			target = 1F05D2271CC47987000F404A /* myDemoAddUp */;
			targetProxy = 1F05D2421CC47987000F404A /* PBXContainerItemProxy */;
		};
		1F05D24E1CC47987000F404A /* PBXTargetDependency */ = {
			isa = PBXTargetDependency;
			target = 1F05D2271CC47987000F404A /* myDemoAddUp */;
			targetProxy = 1F05D24D1CC47987000F404A /* PBXContainerItemProxy */;
		};
/* End PBXTargetDependency section */

/* Begin XCBuildConfiguration section */
		1F05D2531CC47987000F404A /* Debug */ = {
			isa = XCBuildConfiguration;
			buildSettings = {
				ALWAYS_SEARCH_USER_PATHS = NO;
				CLANG_ANALYZER_NONNULL = YES;
				CLANG_CXX_LANGUAGE_STANDARD = "gnu++0x";
				CLANG_CXX_LIBRARY = "libc++";
				CLANG_ENABLE_MODULES = YES;
				CLANG_ENABLE_OBJC_ARC = YES;
				CLANG_WARN_BOOL_CONVERSION = YES;
				CLANG_WARN_CONSTANT_CONVERSION = YES;
				CLANG_WARN_DIRECT_OBJC_ISA_USAGE = YES_ERROR;
				CLANG_WARN_EMPTY_BODY = YES;
				CLANG_WARN_ENUM_CONVERSION = YES;
				CLANG_WARN_INT_CONVERSION = YES;
				CLANG_WARN_OBJC_ROOT_CLASS = YES_ERROR;
				CLANG_WARN_UNREACHABLE_CODE = YES;
				CLANG_WARN__DUPLICATE_METHOD_MATCH = YES;
				"CODE_SIGN_IDENTITY[sdk=iphoneos*]" = "iPhone Developer";
				COPY_PHASE_STRIP = NO;
				DEBUG_INFORMATION_FORMAT = dwarf;
				ENABLE_STRICT_OBJC_MSGSEND = YES;
				ENABLE_TESTABILITY = YES;
				GCC_C_LANGUAGE_STANDARD = gnu99;
				GCC_DYNAMIC_NO_PIC = NO;
				GCC_NO_COMMON_BLOCKS = YES;
				GCC_OPTIMIZATION_LEVEL = 0;
				GCC_PREPROCESSOR_DEFINITIONS = (
					"DEBUG=1",
					"$(inherited)",
				);
				GCC_WARN_64_TO_32_BIT_CONVERSION = YES;
				GCC_WARN_ABOUT_RETURN_TYPE = YES_ERROR;
				GCC_WARN_UNDECLARED_SELECTOR = YES;
				GCC_WARN_UNINITIALIZED_AUTOS = YES_AGGRESSIVE;
				GCC_WARN_UNUSED_FUNCTION = YES;
				GCC_WARN_UNUSED_VARIABLE = YES;
				IPHONEOS_DEPLOYMENT_TARGET = 9.3;
				MTL_ENABLE_DEBUG_INFO = YES;
				ONLY_ACTIVE_ARCH = YES;
				SDKROOT = iphoneos;
				VALID_ARCHS = "arm64 armv7";
			};
			name = Debug;
		};
		1F05D2541CC47987000F404A /* Release */ = {
			isa = XCBuildConfiguration;
			buildSettings = {
				ALWAYS_SEARCH_USER_PATHS = NO;
				CLANG_ANALYZER_NONNULL = YES;
				CLANG_CXX_LANGUAGE_STANDARD = "gnu++0x";
				CLANG_CXX_LIBRARY = "libc++";
				CLANG_ENABLE_MODULES = YES;
				CLANG_ENABLE_OBJC_ARC = YES;
				CLANG_WARN_BOOL_CONVERSION = YES;
				CLANG_WARN_CONSTANT_CONVERSION = YES;
				CLANG_WARN_DIRECT_OBJC_ISA_USAGE = YES_ERROR;
				CLANG_WARN_EMPTY_BODY = YES;
				CLANG_WARN_ENUM_CONVERSION = YES;
				CLANG_WARN_INT_CONVERSION = YES;
				CLANG_WARN_OBJC_ROOT_CLASS = YES_ERROR;
				CLANG_WARN_UNREACHABLE_CODE = YES;
				CLANG_WARN__DUPLICATE_METHOD_MATCH = YES;
				"CODE_SIGN_IDENTITY[sdk=iphoneos*]" = "iPhone Developer";
				COPY_PHASE_STRIP = NO;
				DEBUG_INFORMATION_FORMAT = "dwarf-with-dsym";
				ENABLE_NS_ASSERTIONS = NO;
				ENABLE_STRICT_OBJC_MSGSEND = YES;
				GCC_C_LANGUAGE_STANDARD = gnu99;
				GCC_NO_COMMON_BLOCKS = YES;
				"GCC_OPTIMIZATION_LEVEL[arch=*]" = s;
				GCC_WARN_64_TO_32_BIT_CONVERSION = YES;
				GCC_WARN_ABOUT_RETURN_TYPE = YES_ERROR;
				GCC_WARN_UNDECLARED_SELECTOR = YES;
				GCC_WARN_UNINITIALIZED_AUTOS = YES_AGGRESSIVE;
				GCC_WARN_UNUSED_FUNCTION = YES;
				GCC_WARN_UNUSED_VARIABLE = YES;
				IPHONEOS_DEPLOYMENT_TARGET = 9.3;
				MTL_ENABLE_DEBUG_INFO = NO;
				SDKROOT = iphoneos;
				VALIDATE_PRODUCT = YES;
				VALID_ARCHS = "arm64 armv7";
			};
			name = Release;
		};
		1F05D2561CC47987000F404A /* Debug */ = {
			isa = XCBuildConfiguration;
			buildSettings = {
				ASSETCATALOG_COMPILER_APPICON_NAME = AppIcon;
				FRAMEWORK_SEARCH_PATHS = (
					"$(inherited)",
					"$(PROJECT_DIR)",
				);
				INFOPLIST_FILE = zywdemo/Info.plist;
				IPHONEOS_DEPLOYMENT_TARGET = 8.0;
				LD_RUNPATH_SEARCH_PATHS = "$(inherited) @executable_path/Frameworks";
				ONLY_ACTIVE_ARCH = NO;
				OTHER_LDFLAGS = "-fobjc-arc";
				OTHER_LIBTOOLFLAGS = "-fobjc-arc";
				PRODUCT_BUNDLE_IDENTIFIER = zhang.myDemoAddUp;
				PRODUCT_NAME = zywdemo;
				PROVISIONING_PROFILE = "ac6b7bbd-f554-4bcc-9709-39c0b60b6d79";
				VALID_ARCHS = "armv7 arm64";
			};
			name = Debug;
		};
		1F05D2571CC47987000F404A /* Release */ = {
			isa = XCBuildConfiguration;
			buildSettings = {
				ASSETCATALOG_COMPILER_APPICON_NAME = AppIcon;
				FRAMEWORK_SEARCH_PATHS = (
					"$(inherited)",
					"$(PROJECT_DIR)",
				);
				INFOPLIST_FILE = zywdemo/Info.plist;
				IPHONEOS_DEPLOYMENT_TARGET = 8.0;
				LD_RUNPATH_SEARCH_PATHS = "$(inherited) @executable_path/Frameworks";
				ONLY_ACTIVE_ARCH = NO;
				OTHER_LDFLAGS = "-fobjc-arc";
				OTHER_LIBTOOLFLAGS = "-fobjc-arc";
				PRODUCT_BUNDLE_IDENTIFIER = zhang.myDemoAddUp;
				PRODUCT_NAME = zywdemo;
				PROVISIONING_PROFILE = "ac6b7bbd-f554-4bcc-9709-39c0b60b6d79";
				VALID_ARCHS = "armv7 arm64";
			};
			name = Release;
		};
		1F05D2591CC47987000F404A /* Debug */ = {
			isa = XCBuildConfiguration;
			buildSettings = {
				BUNDLE_LOADER = "$(TEST_HOST)";
				INFOPLIST_FILE = myDemoAddUpTests/Info.plist;
				LD_RUNPATH_SEARCH_PATHS = "$(inherited) @executable_path/Frameworks @loader_path/Frameworks";
				PRODUCT_BUNDLE_IDENTIFIER = zhang.myDemoAddUpTests;
				PRODUCT_NAME = "$(TARGET_NAME)";
				TEST_HOST = "$(BUILT_PRODUCTS_DIR)/myDemoAddUp.app/myDemoAddUp";
				VALID_ARCHS = "arm64 armv7";
			};
			name = Debug;
		};
		1F05D25A1CC47987000F404A /* Release */ = {
			isa = XCBuildConfiguration;
			buildSettings = {
				BUNDLE_LOADER = "$(TEST_HOST)";
				INFOPLIST_FILE = myDemoAddUpTests/Info.plist;
				LD_RUNPATH_SEARCH_PATHS = "$(inherited) @executable_path/Frameworks @loader_path/Frameworks";
				PRODUCT_BUNDLE_IDENTIFIER = zhang.myDemoAddUpTests;
				PRODUCT_NAME = "$(TARGET_NAME)";
				TEST_HOST = "$(BUILT_PRODUCTS_DIR)/myDemoAddUp.app/myDemoAddUp";
				VALID_ARCHS = "arm64 armv7";
			};
			name = Release;
		};
		1F05D25C1CC47987000F404A /* Debug */ = {
			isa = XCBuildConfiguration;
			buildSettings = {
				INFOPLIST_FILE = myDemoAddUpUITests/Info.plist;
				LD_RUNPATH_SEARCH_PATHS = "$(inherited) @executable_path/Frameworks @loader_path/Frameworks";
				PRODUCT_BUNDLE_IDENTIFIER = zhang.myDemoAddUpUITests;
				PRODUCT_NAME = "$(TARGET_NAME)";
				TEST_TARGET_NAME = myDemoAddUp;
				VALID_ARCHS = "arm64 armv7";
			};
			name = Debug;
		};
		1F05D25D1CC47987000F404A /* Release */ = {
			isa = XCBuildConfiguration;
			buildSettings = {
				INFOPLIST_FILE = myDemoAddUpUITests/Info.plist;
				LD_RUNPATH_SEARCH_PATHS = "$(inherited) @executable_path/Frameworks @loader_path/Frameworks";
				PRODUCT_BUNDLE_IDENTIFIER = zhang.myDemoAddUpUITests;
				PRODUCT_NAME = "$(TARGET_NAME)";
				TEST_TARGET_NAME = myDemoAddUp;
				VALID_ARCHS = "arm64 armv7";
			};
			name = Release;
		};
/* End XCBuildConfiguration section */

/* Begin XCConfigurationList section */
		1F05D2231CC47987000F404A /* Build configuration list for PBXProject "myDemoAddUp" */ = {
			isa = XCConfigurationList;
			buildConfigurations = (
				1F05D2531CC47987000F404A /* Debug */,
				1F05D2541CC47987000F404A /* Release */,
			);
			defaultConfigurationIsVisible = 0;
			defaultConfigurationName = Release;
		};
		1F05D2551CC47987000F404A /* Build configuration list for PBXNativeTarget "myDemoAddUp" */ = {
			isa = XCConfigurationList;
			buildConfigurations = (
				1F05D2561CC47987000F404A /* Debug */,
				1F05D2571CC47987000F404A /* Release */,
			);
			defaultConfigurationIsVisible = 0;
			defaultConfigurationName = Release;
		};
		1F05D2581CC47987000F404A /* Build configuration list for PBXNativeTarget "myDemoAddUpTests" */ = {
			isa = XCConfigurationList;
			buildConfigurations = (
				1F05D2591CC47987000F404A /* Debug */,
				1F05D25A1CC47987000F404A /* Release */,
			);
			defaultConfigurationIsVisible = 0;
			defaultConfigurationName = Release;
		};
		1F05D25B1CC47987000F404A /* Build configuration list for PBXNativeTarget "myDemoAddUpUITests" */ = {
			isa = XCConfigurationList;
			buildConfigurations = (
				1F05D25C1CC47987000F404A /* Debug */,
				1F05D25D1CC47987000F404A /* Release */,
			);
			defaultConfigurationIsVisible = 0;
			defaultConfigurationName = Release;
		};
/* End XCConfigurationList section */
	};
	rootObject = 1F05D2201CC47987000F404A /* Project object */;
}
